// !$*UTF8*$!
{
	archiveVersion = 1;
	classes = {
	};
	objectVersion = 56;
	objects = {

/* Begin PBXBuildFile section */
		295FC0C82A3AE1F000FB8B19 /* StatusBarView.swift in Sources */ = {isa = PBXBuildFile; fileRef = 295FC0C72A3AE1F000FB8B19 /* StatusBarView.swift */; };
		295FC0CA2A3AF0B000FB8B19 /* OrderItemView.swift in Sources */ = {isa = PBXBuildFile; fileRef = 295FC0C92A3AF0B000FB8B19 /* OrderItemView.swift */; };
		295FC0CC2A3B04F600FB8B19 /* MenuItemTileView.swift in Sources */ = {isa = PBXBuildFile; fileRef = 295FC0CB2A3B04F600FB8B19 /* MenuItemTileView.swift */; };
		295FC0CE2A3B05A600FB8B19 /* MenuGridView.swift in Sources */ = {isa = PBXBuildFile; fileRef = 295FC0CD2A3B05A600FB8B19 /* MenuGridView.swift */; };
		295FC0D02A3B0D3D00FB8B19 /* FavoriteTileView.swift in Sources */ = {isa = PBXBuildFile; fileRef = 295FC0CF2A3B0D3D00FB8B19 /* FavoriteTileView.swift */; };
		29B420B32A38382F00FE31CE /* HuliPizzaApp.swift in Sources */ = {isa = PBXBuildFile; fileRef = 29B420B22A38382F00FE31CE /* HuliPizzaApp.swift */; };
		29B420B52A38382F00FE31CE /* ContentView.swift in Sources */ = {isa = PBXBuildFile; fileRef = 29B420B42A38382F00FE31CE /* ContentView.swift */; };
		29B420B72A38383000FE31CE /* Assets.xcassets in Resources */ = {isa = PBXBuildFile; fileRef = 29B420B62A38383000FE31CE /* Assets.xcassets */; };
		29B420BA2A38383000FE31CE /* Preview Assets.xcassets in Resources */ = {isa = PBXBuildFile; fileRef = 29B420B92A38383000FE31CE /* Preview Assets.xcassets */; };
		29B420C42A38383000FE31CE /* HuliPizzaTests.swift in Sources */ = {isa = PBXBuildFile; fileRef = 29B420C32A38383000FE31CE /* HuliPizzaTests.swift */; };
		29B420CE2A38383000FE31CE /* HuliPizzaUITests.swift in Sources */ = {isa = PBXBuildFile; fileRef = 29B420CD2A38383000FE31CE /* HuliPizzaUITests.swift */; };
		29B420D02A38383000FE31CE /* HuliPizzaUITestsLaunchTests.swift in Sources */ = {isa = PBXBuildFile; fileRef = 29B420CF2A38383000FE31CE /* HuliPizzaUITestsLaunchTests.swift */; };
		29B420DD2A385E1300FE31CE /* OrderView.swift in Sources */ = {isa = PBXBuildFile; fileRef = 29B420DC2A385E1300FE31CE /* OrderView.swift */; };
		29B420DF2A385E4800FE31CE /* MenuView.swift in Sources */ = {isa = PBXBuildFile; fileRef = 29B420DE2A385E4800FE31CE /* MenuView.swift */; };
		29B420E12A385FBC00FE31CE /* MenuItemView.swift in Sources */ = {isa = PBXBuildFile; fileRef = 29B420E02A385FBC00FE31CE /* MenuItemView.swift */; };
		29B420E32A385FCA00FE31CE /* MenuRowView.swift in Sources */ = {isa = PBXBuildFile; fileRef = 29B420E22A385FCA00FE31CE /* MenuRowView.swift */; };
		29B420E52A385FD300FE31CE /* OrderRowView.swift in Sources */ = {isa = PBXBuildFile; fileRef = 29B420E42A385FD300FE31CE /* OrderRowView.swift */; };
		29B420E72A385FDD00FE31CE /* HeaderView.swift in Sources */ = {isa = PBXBuildFile; fileRef = 29B420E62A385FDD00FE31CE /* HeaderView.swift */; };
		29B420E92A3871DE00FE31CE /* RatingsView.swift in Sources */ = {isa = PBXBuildFile; fileRef = 29B420E82A3871DE00FE31CE /* RatingsView.swift */; };
		29B420EF2A39B7B100FE31CE /* OrderModel.swift in Sources */ = {isa = PBXBuildFile; fileRef = 29B420EB2A39B7B100FE31CE /* OrderModel.swift */; };
		29B420F02A39B7B100FE31CE /* MenuItem.swift in Sources */ = {isa = PBXBuildFile; fileRef = 29B420EC2A39B7B100FE31CE /* MenuItem.swift */; };
		29B420F12A39B7B100FE31CE /* OrderItem.swift in Sources */ = {isa = PBXBuildFile; fileRef = 29B420ED2A39B7B100FE31CE /* OrderItem.swift */; };
		29B420F22A39B7B100FE31CE /* MenuModel.swift in Sources */ = {isa = PBXBuildFile; fileRef = 29B420EE2A39B7B100FE31CE /* MenuModel.swift */; };
/* End PBXBuildFile section */

/* Begin PBXContainerItemProxy section */
		29B420C02A38383000FE31CE /* PBXContainerItemProxy */ = {
			isa = PBXContainerItemProxy;
			containerPortal = 29B420A72A38382F00FE31CE /* Project object */;
			proxyType = 1;
			remoteGlobalIDString = 29B420AE2A38382F00FE31CE;
			remoteInfo = HuliPizza;
		};
		29B420CA2A38383000FE31CE /* PBXContainerItemProxy */ = {
			isa = PBXContainerItemProxy;
			containerPortal = 29B420A72A38382F00FE31CE /* Project object */;
			proxyType = 1;
			remoteGlobalIDString = 29B420AE2A38382F00FE31CE;
			remoteInfo = HuliPizza;
		};
/* End PBXContainerItemProxy section */

/* Begin PBXFileReference section */
		295FC0C72A3AE1F000FB8B19 /* StatusBarView.swift */ = {isa = PBXFileReference; lastKnownFileType = sourcecode.swift; path = StatusBarView.swift; sourceTree = "<group>"; };
		295FC0C92A3AF0B000FB8B19 /* OrderItemView.swift */ = {isa = PBXFileReference; lastKnownFileType = sourcecode.swift; path = OrderItemView.swift; sourceTree = "<group>"; };
		295FC0CB2A3B04F600FB8B19 /* MenuItemTileView.swift */ = {isa = PBXFileReference; fileEncoding = 4; lastKnownFileType = sourcecode.swift; name = MenuItemTileView.swift; path = "Ex_Files_SwiftUI_EssT/Exercise Files/06/05/Assets/MenuItemTileView.swift"; sourceTree = SOURCE_ROOT; };
		295FC0CD2A3B05A600FB8B19 /* MenuGridView.swift */ = {isa = PBXFileReference; lastKnownFileType = sourcecode.swift; path = MenuGridView.swift; sourceTree = "<group>"; };
		295FC0CF2A3B0D3D00FB8B19 /* FavoriteTileView.swift */ = {isa = PBXFileReference; fileEncoding = 4; lastKnownFileType = sourcecode.swift; name = FavoriteTileView.swift; path = "Ex_Files_SwiftUI_EssT/Exercise Files/06/07/Assets/FavoriteTileView.swift"; sourceTree = SOURCE_ROOT; };
		29B420AF2A38382F00FE31CE /* HuliPizza.app */ = {isa = PBXFileReference; explicitFileType = wrapper.application; includeInIndex = 0; path = HuliPizza.app; sourceTree = BUILT_PRODUCTS_DIR; };
		29B420B22A38382F00FE31CE /* HuliPizzaApp.swift */ = {isa = PBXFileReference; lastKnownFileType = sourcecode.swift; path = HuliPizzaApp.swift; sourceTree = "<group>"; };
		29B420B42A38382F00FE31CE /* ContentView.swift */ = {isa = PBXFileReference; lastKnownFileType = sourcecode.swift; path = ContentView.swift; sourceTree = "<group>"; };
		29B420B62A38383000FE31CE /* Assets.xcassets */ = {isa = PBXFileReference; lastKnownFileType = folder.assetcatalog; path = Assets.xcassets; sourceTree = "<group>"; };
		29B420B92A38383000FE31CE /* Preview Assets.xcassets */ = {isa = PBXFileReference; lastKnownFileType = folder.assetcatalog; path = "Preview Assets.xcassets"; sourceTree = "<group>"; };
		29B420BF2A38383000FE31CE /* HuliPizzaTests.xctest */ = {isa = PBXFileReference; explicitFileType = wrapper.cfbundle; includeInIndex = 0; path = HuliPizzaTests.xctest; sourceTree = BUILT_PRODUCTS_DIR; };
		29B420C32A38383000FE31CE /* HuliPizzaTests.swift */ = {isa = PBXFileReference; lastKnownFileType = sourcecode.swift; path = HuliPizzaTests.swift; sourceTree = "<group>"; };
		29B420C92A38383000FE31CE /* HuliPizzaUITests.xctest */ = {isa = PBXFileReference; explicitFileType = wrapper.cfbundle; includeInIndex = 0; path = HuliPizzaUITests.xctest; sourceTree = BUILT_PRODUCTS_DIR; };
		29B420CD2A38383000FE31CE /* HuliPizzaUITests.swift */ = {isa = PBXFileReference; lastKnownFileType = sourcecode.swift; path = HuliPizzaUITests.swift; sourceTree = "<group>"; };
		29B420CF2A38383000FE31CE /* HuliPizzaUITestsLaunchTests.swift */ = {isa = PBXFileReference; lastKnownFileType = sourcecode.swift; path = HuliPizzaUITestsLaunchTests.swift; sourceTree = "<group>"; };
		29B420DC2A385E1300FE31CE /* OrderView.swift */ = {isa = PBXFileReference; lastKnownFileType = sourcecode.swift; path = OrderView.swift; sourceTree = "<group>"; };
		29B420DE2A385E4800FE31CE /* MenuView.swift */ = {isa = PBXFileReference; lastKnownFileType = sourcecode.swift; path = MenuView.swift; sourceTree = "<group>"; };
		29B420E02A385FBC00FE31CE /* MenuItemView.swift */ = {isa = PBXFileReference; lastKnownFileType = sourcecode.swift; path = MenuItemView.swift; sourceTree = "<group>"; };
		29B420E22A385FCA00FE31CE /* MenuRowView.swift */ = {isa = PBXFileReference; lastKnownFileType = sourcecode.swift; path = MenuRowView.swift; sourceTree = "<group>"; };
		29B420E42A385FD300FE31CE /* OrderRowView.swift */ = {isa = PBXFileReference; lastKnownFileType = sourcecode.swift; path = OrderRowView.swift; sourceTree = "<group>"; };
		29B420E62A385FDD00FE31CE /* HeaderView.swift */ = {isa = PBXFileReference; lastKnownFileType = sourcecode.swift; path = HeaderView.swift; sourceTree = "<group>"; };
		29B420E82A3871DE00FE31CE /* RatingsView.swift */ = {isa = PBXFileReference; lastKnownFileType = sourcecode.swift; path = RatingsView.swift; sourceTree = "<group>"; };
		29B420EB2A39B7B100FE31CE /* OrderModel.swift */ = {isa = PBXFileReference; fileEncoding = 4; lastKnownFileType = sourcecode.swift; path = OrderModel.swift; sourceTree = "<group>"; };
		29B420EC2A39B7B100FE31CE /* MenuItem.swift */ = {isa = PBXFileReference; fileEncoding = 4; lastKnownFileType = sourcecode.swift; path = MenuItem.swift; sourceTree = "<group>"; };
		29B420ED2A39B7B100FE31CE /* OrderItem.swift */ = {isa = PBXFileReference; fileEncoding = 4; lastKnownFileType = sourcecode.swift; path = OrderItem.swift; sourceTree = "<group>"; };
		29B420EE2A39B7B100FE31CE /* MenuModel.swift */ = {isa = PBXFileReference; fileEncoding = 4; lastKnownFileType = sourcecode.swift; path = MenuModel.swift; sourceTree = "<group>"; };
/* End PBXFileReference section */

/* Begin PBXFrameworksBuildPhase section */
		29B420AC2A38382F00FE31CE /* Frameworks */ = {
			isa = PBXFrameworksBuildPhase;
			buildActionMask = 2147483647;
			files = (
			);
			runOnlyForDeploymentPostprocessing = 0;
		};
		29B420BC2A38383000FE31CE /* Frameworks */ = {
			isa = PBXFrameworksBuildPhase;
			buildActionMask = 2147483647;
			files = (
			);
			runOnlyForDeploymentPostprocessing = 0;
		};
		29B420C62A38383000FE31CE /* Frameworks */ = {
			isa = PBXFrameworksBuildPhase;
			buildActionMask = 2147483647;
			files = (
			);
			runOnlyForDeploymentPostprocessing = 0;
		};
/* End PBXFrameworksBuildPhase section */

/* Begin PBXGroup section */
		29B420A62A38382F00FE31CE = {
			isa = PBXGroup;
			children = (
				29B420B12A38382F00FE31CE /* HuliPizza */,
				29B420C22A38383000FE31CE /* HuliPizzaTests */,
				29B420CC2A38383000FE31CE /* HuliPizzaUITests */,
				29B420B02A38382F00FE31CE /* Products */,
			);
			sourceTree = "<group>";
		};
		29B420B02A38382F00FE31CE /* Products */ = {
			isa = PBXGroup;
			children = (
				29B420AF2A38382F00FE31CE /* HuliPizza.app */,
				29B420BF2A38383000FE31CE /* HuliPizzaTests.xctest */,
				29B420C92A38383000FE31CE /* HuliPizzaUITests.xctest */,
			);
			name = Products;
			sourceTree = "<group>";
		};
		29B420B12A38382F00FE31CE /* HuliPizza */ = {
			isa = PBXGroup;
			children = (
				29B420B22A38382F00FE31CE /* HuliPizzaApp.swift */,
				29B420B42A38382F00FE31CE /* ContentView.swift */,
				295FC0C92A3AF0B000FB8B19 /* OrderItemView.swift */,
				295FC0C72A3AE1F000FB8B19 /* StatusBarView.swift */,
				29B420E82A3871DE00FE31CE /* RatingsView.swift */,
				29B420DC2A385E1300FE31CE /* OrderView.swift */,
				295FC0CF2A3B0D3D00FB8B19 /* FavoriteTileView.swift */,
				295FC0CB2A3B04F600FB8B19 /* MenuItemTileView.swift */,
				295FC0CD2A3B05A600FB8B19 /* MenuGridView.swift */,
				29B420DE2A385E4800FE31CE /* MenuView.swift */,
				29B420E02A385FBC00FE31CE /* MenuItemView.swift */,
				29B420E22A385FCA00FE31CE /* MenuRowView.swift */,
				29B420E42A385FD300FE31CE /* OrderRowView.swift */,
				29B420E62A385FDD00FE31CE /* HeaderView.swift */,
				29B420B62A38383000FE31CE /* Assets.xcassets */,
				29B420EA2A39B7B100FE31CE /* Model Code */,
				29B420B82A38383000FE31CE /* Preview Content */,
			);
			path = HuliPizza;
			sourceTree = "<group>";
		};
		29B420B82A38383000FE31CE /* Preview Content */ = {
			isa = PBXGroup;
			children = (
				29B420B92A38383000FE31CE /* Preview Assets.xcassets */,
			);
			path = "Preview Content";
			sourceTree = "<group>";
		};
		29B420C22A38383000FE31CE /* HuliPizzaTests */ = {
			isa = PBXGroup;
			children = (
				29B420C32A38383000FE31CE /* HuliPizzaTests.swift */,
			);
			path = HuliPizzaTests;
			sourceTree = "<group>";
		};
		29B420CC2A38383000FE31CE /* HuliPizzaUITests */ = {
			isa = PBXGroup;
			children = (
				29B420CD2A38383000FE31CE /* HuliPizzaUITests.swift */,
				29B420CF2A38383000FE31CE /* HuliPizzaUITestsLaunchTests.swift */,
			);
			path = HuliPizzaUITests;
			sourceTree = "<group>";
		};
		29B420EA2A39B7B100FE31CE /* Model Code */ = {
			isa = PBXGroup;
			children = (
				29B420EB2A39B7B100FE31CE /* OrderModel.swift */,
				29B420EC2A39B7B100FE31CE /* MenuItem.swift */,
				29B420ED2A39B7B100FE31CE /* OrderItem.swift */,
				29B420EE2A39B7B100FE31CE /* MenuModel.swift */,
			);
			name = "Model Code";
			path = "Ex_Files_SwiftUI_EssT/Exercise Files/04/05/Assets/Model Code";
			sourceTree = SOURCE_ROOT;
		};
/* End PBXGroup section */

/* Begin PBXNativeTarget section */
		29B420AE2A38382F00FE31CE /* HuliPizza */ = {
			isa = PBXNativeTarget;
			buildConfigurationList = 29B420D32A38383000FE31CE /* Build configuration list for PBXNativeTarget "HuliPizza" */;
			buildPhases = (
				29B420AB2A38382F00FE31CE /* Sources */,
				29B420AC2A38382F00FE31CE /* Frameworks */,
				29B420AD2A38382F00FE31CE /* Resources */,
			);
			buildRules = (
			);
			dependencies = (
			);
			name = HuliPizza;
			productName = HuliPizza;
			productReference = 29B420AF2A38382F00FE31CE /* HuliPizza.app */;
			productType = "com.apple.product-type.application";
		};
		29B420BE2A38383000FE31CE /* HuliPizzaTests */ = {
			isa = PBXNativeTarget;
			buildConfigurationList = 29B420D62A38383000FE31CE /* Build configuration list for PBXNativeTarget "HuliPizzaTests" */;
			buildPhases = (
				29B420BB2A38383000FE31CE /* Sources */,
				29B420BC2A38383000FE31CE /* Frameworks */,
				29B420BD2A38383000FE31CE /* Resources */,
			);
			buildRules = (
			);
			dependencies = (
				29B420C12A38383000FE31CE /* PBXTargetDependency */,
			);
			name = HuliPizzaTests;
			productName = HuliPizzaTests;
			productReference = 29B420BF2A38383000FE31CE /* HuliPizzaTests.xctest */;
			productType = "com.apple.product-type.bundle.unit-test";
		};
		29B420C82A38383000FE31CE /* HuliPizzaUITests */ = {
			isa = PBXNativeTarget;
			buildConfigurationList = 29B420D92A38383000FE31CE /* Build configuration list for PBXNativeTarget "HuliPizzaUITests" */;
			buildPhases = (
				29B420C52A38383000FE31CE /* Sources */,
				29B420C62A38383000FE31CE /* Frameworks */,
				29B420C72A38383000FE31CE /* Resources */,
			);
			buildRules = (
			);
			dependencies = (
				29B420CB2A38383000FE31CE /* PBXTargetDependency */,
			);
			name = HuliPizzaUITests;
			productName = HuliPizzaUITests;
			productReference = 29B420C92A38383000FE31CE /* HuliPizzaUITests.xctest */;
			productType = "com.apple.product-type.bundle.ui-testing";
		};
/* End PBXNativeTarget section */

/* Begin PBXProject section */
		29B420A72A38382F00FE31CE /* Project object */ = {
			isa = PBXProject;
			attributes = {
				BuildIndependentTargetsInParallel = 1;
				LastSwiftUpdateCheck = 1500;
				LastUpgradeCheck = 1500;
				TargetAttributes = {
					29B420AE2A38382F00FE31CE = {
						CreatedOnToolsVersion = 15.0;
					};
					29B420BE2A38383000FE31CE = {
						CreatedOnToolsVersion = 15.0;
						TestTargetID = 29B420AE2A38382F00FE31CE;
					};
					29B420C82A38383000FE31CE = {
						CreatedOnToolsVersion = 15.0;
						TestTargetID = 29B420AE2A38382F00FE31CE;
					};
				};
			};
			buildConfigurationList = 29B420AA2A38382F00FE31CE /* Build configuration list for PBXProject "HuliPizza" */;
			compatibilityVersion = "Xcode 14.0";
			developmentRegion = en;
			hasScannedForEncodings = 0;
			knownRegions = (
				en,
				Base,
			);
			mainGroup = 29B420A62A38382F00FE31CE;
			productRefGroup = 29B420B02A38382F00FE31CE /* Products */;
			projectDirPath = "";
			projectRoot = "";
			targets = (
				29B420AE2A38382F00FE31CE /* HuliPizza */,
				29B420BE2A38383000FE31CE /* HuliPizzaTests */,
				29B420C82A38383000FE31CE /* HuliPizzaUITests */,
			);
		};
/* End PBXProject section */

/* Begin PBXResourcesBuildPhase section */
		29B420AD2A38382F00FE31CE /* Resources */ = {
			isa = PBXResourcesBuildPhase;
			buildActionMask = 2147483647;
			files = (
				29B420BA2A38383000FE31CE /* Preview Assets.xcassets in Resources */,
				29B420B72A38383000FE31CE /* Assets.xcassets in Resources */,
			);
			runOnlyForDeploymentPostprocessing = 0;
		};
		29B420BD2A38383000FE31CE /* Resources */ = {
			isa = PBXResourcesBuildPhase;
			buildActionMask = 2147483647;
			files = (
			);
			runOnlyForDeploymentPostprocessing = 0;
		};
		29B420C72A38383000FE31CE /* Resources */ = {
			isa = PBXResourcesBuildPhase;
			buildActionMask = 2147483647;
			files = (
			);
			runOnlyForDeploymentPostprocessing = 0;
		};
/* End PBXResourcesBuildPhase section */

/* Begin PBXSourcesBuildPhase section */
		29B420AB2A38382F00FE31CE /* Sources */ = {
			isa = PBXSourcesBuildPhase;
			buildActionMask = 2147483647;
			files = (
				29B420DD2A385E1300FE31CE /* OrderView.swift in Sources */,
				29B420DF2A385E4800FE31CE /* MenuView.swift in Sources */,
				295FC0D02A3B0D3D00FB8B19 /* FavoriteTileView.swift in Sources */,
				29B420EF2A39B7B100FE31CE /* OrderModel.swift in Sources */,
				29B420B52A38382F00FE31CE /* ContentView.swift in Sources */,
				29B420B32A38382F00FE31CE /* HuliPizzaApp.swift in Sources */,
				29B420F12A39B7B100FE31CE /* OrderItem.swift in Sources */,
				29B420E92A3871DE00FE31CE /* RatingsView.swift in Sources */,
				295FC0CA2A3AF0B000FB8B19 /* OrderItemView.swift in Sources */,
				29B420E32A385FCA00FE31CE /* MenuRowView.swift in Sources */,
				29B420E52A385FD300FE31CE /* OrderRowView.swift in Sources */,
				29B420F22A39B7B100FE31CE /* MenuModel.swift in Sources */,
				295FC0C82A3AE1F000FB8B19 /* StatusBarView.swift in Sources */,
				295FC0CE2A3B05A600FB8B19 /* MenuGridView.swift in Sources */,
				29B420F02A39B7B100FE31CE /* MenuItem.swift in Sources */,
				29B420E12A385FBC00FE31CE /* MenuItemView.swift in Sources */,
				295FC0CC2A3B04F600FB8B19 /* MenuItemTileView.swift in Sources */,
				29B420E72A385FDD00FE31CE /* HeaderView.swift in Sources */,
			);
			runOnlyForDeploymentPostprocessing = 0;
		};
		29B420BB2A38383000FE31CE /* Sources */ = {
			isa = PBXSourcesBuildPhase;
			buildActionMask = 2147483647;
			files = (
				29B420C42A38383000FE31CE /* HuliPizzaTests.swift in Sources */,
			);
			runOnlyForDeploymentPostprocessing = 0;
		};
		29B420C52A38383000FE31CE /* Sources */ = {
			isa = PBXSourcesBuildPhase;
			buildActionMask = 2147483647;
			files = (
				29B420CE2A38383000FE31CE /* HuliPizzaUITests.swift in Sources */,
				29B420D02A38383000FE31CE /* HuliPizzaUITestsLaunchTests.swift in Sources */,
			);
			runOnlyForDeploymentPostprocessing = 0;
		};
/* End PBXSourcesBuildPhase section */

/* Begin PBXTargetDependency section */
		29B420C12A38383000FE31CE /* PBXTargetDependency */ = {
			isa = PBXTargetDependency;
			target = 29B420AE2A38382F00FE31CE /* HuliPizza */;
			targetProxy = 29B420C02A38383000FE31CE /* PBXContainerItemProxy */;
		};
		29B420CB2A38383000FE31CE /* PBXTargetDependency */ = {
			isa = PBXTargetDependency;
			target = 29B420AE2A38382F00FE31CE /* HuliPizza */;
			targetProxy = 29B420CA2A38383000FE31CE /* PBXContainerItemProxy */;
		};
/* End PBXTargetDependency section */

/* Begin XCBuildConfiguration section */
		29B420D12A38383000FE31CE /* Debug */ = {
			isa = XCBuildConfiguration;
			buildSettings = {
				ALWAYS_SEARCH_USER_PATHS = NO;
				ASSETCATALOG_COMPILER_GENERATE_SWIFT_ASSET_SYMBOL_EXTENSIONS = YES;
				CLANG_ANALYZER_NONNULL = YES;
				CLANG_ANALYZER_NUMBER_OBJECT_CONVERSION = YES_AGGRESSIVE;
				CLANG_CXX_LANGUAGE_STANDARD = "gnu++20";
				CLANG_ENABLE_MODULES = YES;
				CLANG_ENABLE_OBJC_ARC = YES;
				CLANG_ENABLE_OBJC_WEAK = YES;
				CLANG_WARN_BLOCK_CAPTURE_AUTORELEASING = YES;
				CLANG_WARN_BOOL_CONVERSION = YES;
				CLANG_WARN_COMMA = YES;
				CLANG_WARN_CONSTANT_CONVERSION = YES;
				CLANG_WARN_DEPRECATED_OBJC_IMPLEMENTATIONS = YES;
				CLANG_WARN_DIRECT_OBJC_ISA_USAGE = YES_ERROR;
				CLANG_WARN_DOCUMENTATION_COMMENTS = YES;
				CLANG_WARN_EMPTY_BODY = YES;
				CLANG_WARN_ENUM_CONVERSION = YES;
				CLANG_WARN_INFINITE_RECURSION = YES;
				CLANG_WARN_INT_CONVERSION = YES;
				CLANG_WARN_NON_LITERAL_NULL_CONVERSION = YES;
				CLANG_WARN_OBJC_IMPLICIT_RETAIN_SELF = YES;
				CLANG_WARN_OBJC_LITERAL_CONVERSION = YES;
				CLANG_WARN_OBJC_ROOT_CLASS = YES_ERROR;
				CLANG_WARN_QUOTED_INCLUDE_IN_FRAMEWORK_HEADER = YES;
				CLANG_WARN_RANGE_LOOP_ANALYSIS = YES;
				CLANG_WARN_STRICT_PROTOTYPES = YES;
				CLANG_WARN_SUSPICIOUS_MOVE = YES;
				CLANG_WARN_UNGUARDED_AVAILABILITY = YES_AGGRESSIVE;
				CLANG_WARN_UNREACHABLE_CODE = YES;
				CLANG_WARN__DUPLICATE_METHOD_MATCH = YES;
				COPY_PHASE_STRIP = NO;
				DEBUG_INFORMATION_FORMAT = dwarf;
				ENABLE_STRICT_OBJC_MSGSEND = YES;
				ENABLE_TESTABILITY = YES;
				ENABLE_USER_SCRIPT_SANDBOXING = YES;
				GCC_C_LANGUAGE_STANDARD = gnu17;
				GCC_DYNAMIC_NO_PIC = NO;
				GCC_NO_COMMON_BLOCKS = YES;
				GCC_OPTIMIZATION_LEVEL = 0;
				GCC_PREPROCESSOR_DEFINITIONS = (
					"DEBUG=1",
					"$(inherited)",
				);
				GCC_WARN_64_TO_32_BIT_CONVERSION = YES;
				GCC_WARN_ABOUT_RETURN_TYPE = YES_ERROR;
				GCC_WARN_UNDECLARED_SELECTOR = YES;
				GCC_WARN_UNINITIALIZED_AUTOS = YES_AGGRESSIVE;
				GCC_WARN_UNUSED_FUNCTION = YES;
				GCC_WARN_UNUSED_VARIABLE = YES;
				IPHONEOS_DEPLOYMENT_TARGET = 17.0;
				LOCALIZATION_PREFERS_STRING_CATALOGS = YES;
				MTL_ENABLE_DEBUG_INFO = INCLUDE_SOURCE;
				MTL_FAST_MATH = YES;
				ONLY_ACTIVE_ARCH = YES;
				SDKROOT = iphoneos;
				SWIFT_ACTIVE_COMPILATION_CONDITIONS = "DEBUG $(inherited)";
				SWIFT_OPTIMIZATION_LEVEL = "-Onone";
			};
			name = Debug;
		};
		29B420D22A38383000FE31CE /* Release */ = {
			isa = XCBuildConfiguration;
			buildSettings = {
				ALWAYS_SEARCH_USER_PATHS = NO;
				ASSETCATALOG_COMPILER_GENERATE_SWIFT_ASSET_SYMBOL_EXTENSIONS = YES;
				CLANG_ANALYZER_NONNULL = YES;
				CLANG_ANALYZER_NUMBER_OBJECT_CONVERSION = YES_AGGRESSIVE;
				CLANG_CXX_LANGUAGE_STANDARD = "gnu++20";
				CLANG_ENABLE_MODULES = YES;
				CLANG_ENABLE_OBJC_ARC = YES;
				CLANG_ENABLE_OBJC_WEAK = YES;
				CLANG_WARN_BLOCK_CAPTURE_AUTORELEASING = YES;
				CLANG_WARN_BOOL_CONVERSION = YES;
				CLANG_WARN_COMMA = YES;
				CLANG_WARN_CONSTANT_CONVERSION = YES;
				CLANG_WARN_DEPRECATED_OBJC_IMPLEMENTATIONS = YES;
				CLANG_WARN_DIRECT_OBJC_ISA_USAGE = YES_ERROR;
				CLANG_WARN_DOCUMENTATION_COMMENTS = YES;
				CLANG_WARN_EMPTY_BODY = YES;
				CLANG_WARN_ENUM_CONVERSION = YES;
				CLANG_WARN_INFINITE_RECURSION = YES;
				CLANG_WARN_INT_CONVERSION = YES;
				CLANG_WARN_NON_LITERAL_NULL_CONVERSION = YES;
				CLANG_WARN_OBJC_IMPLICIT_RETAIN_SELF = YES;
				CLANG_WARN_OBJC_LITERAL_CONVERSION = YES;
				CLANG_WARN_OBJC_ROOT_CLASS = YES_ERROR;
				CLANG_WARN_QUOTED_INCLUDE_IN_FRAMEWORK_HEADER = YES;
				CLANG_WARN_RANGE_LOOP_ANALYSIS = YES;
				CLANG_WARN_STRICT_PROTOTYPES = YES;
				CLANG_WARN_SUSPICIOUS_MOVE = YES;
				CLANG_WARN_UNGUARDED_AVAILABILITY = YES_AGGRESSIVE;
				CLANG_WARN_UNREACHABLE_CODE = YES;
				CLANG_WARN__DUPLICATE_METHOD_MATCH = YES;
				COPY_PHASE_STRIP = NO;
				DEBUG_INFORMATION_FORMAT = "dwarf-with-dsym";
				ENABLE_NS_ASSERTIONS = NO;
				ENABLE_STRICT_OBJC_MSGSEND = YES;
				ENABLE_USER_SCRIPT_SANDBOXING = YES;
				GCC_C_LANGUAGE_STANDARD = gnu17;
				GCC_NO_COMMON_BLOCKS = YES;
				GCC_WARN_64_TO_32_BIT_CONVERSION = YES;
				GCC_WARN_ABOUT_RETURN_TYPE = YES_ERROR;
				GCC_WARN_UNDECLARED_SELECTOR = YES;
				GCC_WARN_UNINITIALIZED_AUTOS = YES_AGGRESSIVE;
				GCC_WARN_UNUSED_FUNCTION = YES;
				GCC_WARN_UNUSED_VARIABLE = YES;
				IPHONEOS_DEPLOYMENT_TARGET = 17.0;
				LOCALIZATION_PREFERS_STRING_CATALOGS = YES;
				MTL_ENABLE_DEBUG_INFO = NO;
				MTL_FAST_MATH = YES;
				SDKROOT = iphoneos;
				SWIFT_COMPILATION_MODE = wholemodule;
				VALIDATE_PRODUCT = YES;
			};
			name = Release;
		};
		29B420D42A38383000FE31CE /* Debug */ = {
			isa = XCBuildConfiguration;
			buildSettings = {
				ASSETCATALOG_COMPILER_APPICON_NAME = AppIcon;
				ASSETCATALOG_COMPILER_GLOBAL_ACCENT_COLOR_NAME = AccentColor;
				CODE_SIGN_STYLE = Automatic;
				CURRENT_PROJECT_VERSION = 1;
				DEVELOPMENT_ASSET_PATHS = "\"HuliPizza/Preview Content\"";
				DEVELOPMENT_TEAM = 9W35N29MK9;
				ENABLE_PREVIEWS = YES;
				GENERATE_INFOPLIST_FILE = YES;
				INFOPLIST_KEY_UIApplicationSceneManifest_Generation = YES;
				INFOPLIST_KEY_UIApplicationSupportsIndirectInputEvents = YES;
				INFOPLIST_KEY_UILaunchScreen_Generation = YES;
				INFOPLIST_KEY_UISupportedInterfaceOrientations_iPad = "UIInterfaceOrientationPortrait UIInterfaceOrientationPortraitUpsideDown UIInterfaceOrientationLandscapeLeft UIInterfaceOrientationLandscapeRight";
				INFOPLIST_KEY_UISupportedInterfaceOrientations_iPhone = "UIInterfaceOrientationPortrait UIInterfaceOrientationLandscapeLeft UIInterfaceOrientationLandscapeRight";
				LD_RUNPATH_SEARCH_PATHS = (
					"$(inherited)",
					"@executable_path/Frameworks",
				);
				MARKETING_VERSION = 1.0;
				PRODUCT_BUNDLE_IDENTIFIER = com.momin94.HuliPizza;
				PRODUCT_NAME = "$(TARGET_NAME)";
				SWIFT_EMIT_LOC_STRINGS = YES;
				SWIFT_VERSION = 5.0;
				TARGETED_DEVICE_FAMILY = "1,2";
			};
			name = Debug;
		};
		29B420D52A38383000FE31CE /* Release */ = {
			isa = XCBuildConfiguration;
			buildSettings = {
				ASSETCATALOG_COMPILER_APPICON_NAME = AppIcon;
				ASSETCATALOG_COMPILER_GLOBAL_ACCENT_COLOR_NAME = AccentColor;
				CODE_SIGN_STYLE = Automatic;
				CURRENT_PROJECT_VERSION = 1;
				DEVELOPMENT_ASSET_PATHS = "\"HuliPizza/Preview Content\"";
				DEVELOPMENT_TEAM = 9W35N29MK9;
				ENABLE_PREVIEWS = YES;
				GENERATE_INFOPLIST_FILE = YES;
				INFOPLIST_KEY_UIApplicationSceneManifest_Generation = YES;
				INFOPLIST_KEY_UIApplicationSupportsIndirectInputEvents = YES;
				INFOPLIST_KEY_UILaunchScreen_Generation = YES;
				INFOPLIST_KEY_UISupportedInterfaceOrientations_iPad = "UIInterfaceOrientationPortrait UIInterfaceOrientationPortraitUpsideDown UIInterfaceOrientationLandscapeLeft UIInterfaceOrientationLandscapeRight";
				INFOPLIST_KEY_UISupportedInterfaceOrientations_iPhone = "UIInterfaceOrientationPortrait UIInterfaceOrientationLandscapeLeft UIInterfaceOrientationLandscapeRight";
				LD_RUNPATH_SEARCH_PATHS = (
					"$(inherited)",
					"@executable_path/Frameworks",
				);
				MARKETING_VERSION = 1.0;
				PRODUCT_BUNDLE_IDENTIFIER = com.momin94.HuliPizza;
				PRODUCT_NAME = "$(TARGET_NAME)";
				SWIFT_EMIT_LOC_STRINGS = YES;
				SWIFT_VERSION = 5.0;
				TARGETED_DEVICE_FAMILY = "1,2";
			};
			name = Release;
		};
		29B420D72A38383000FE31CE /* Debug */ = {
			isa = XCBuildConfiguration;
			buildSettings = {
				ALWAYS_EMBED_SWIFT_STANDARD_LIBRARIES = YES;
				BUNDLE_LOADER = "$(TEST_HOST)";
				CODE_SIGN_STYLE = Automatic;
				CURRENT_PROJECT_VERSION = 1;
				DEVELOPMENT_TEAM = 9W35N29MK9;
				GENERATE_INFOPLIST_FILE = YES;
				IPHONEOS_DEPLOYMENT_TARGET = 17.0;
				MARKETING_VERSION = 1.0;
				PRODUCT_BUNDLE_IDENTIFIER = com.momin94.HuliPizzaTests;
				PRODUCT_NAME = "$(TARGET_NAME)";
				SWIFT_EMIT_LOC_STRINGS = NO;
				SWIFT_VERSION = 5.0;
				TARGETED_DEVICE_FAMILY = "1,2";
				TEST_HOST = "$(BUILT_PRODUCTS_DIR)/HuliPizza.app/$(BUNDLE_EXECUTABLE_FOLDER_PATH)/HuliPizza";
			};
			name = Debug;
		};
		29B420D82A38383000FE31CE /* Release */ = {
			isa = XCBuildConfiguration;
			buildSettings = {
				ALWAYS_EMBED_SWIFT_STANDARD_LIBRARIES = YES;
				BUNDLE_LOADER = "$(TEST_HOST)";
				CODE_SIGN_STYLE = Automatic;
				CURRENT_PROJECT_VERSION = 1;
				DEVELOPMENT_TEAM = 9W35N29MK9;
				GENERATE_INFOPLIST_FILE = YES;
				IPHONEOS_DEPLOYMENT_TARGET = 17.0;
				MARKETING_VERSION = 1.0;
				PRODUCT_BUNDLE_IDENTIFIER = com.momin94.HuliPizzaTests;
				PRODUCT_NAME = "$(TARGET_NAME)";
				SWIFT_EMIT_LOC_STRINGS = NO;
				SWIFT_VERSION = 5.0;
				TARGETED_DEVICE_FAMILY = "1,2";
				TEST_HOST = "$(BUILT_PRODUCTS_DIR)/HuliPizza.app/$(BUNDLE_EXECUTABLE_FOLDER_PATH)/HuliPizza";
			};
			name = Release;
		};
		29B420DA2A38383000FE31CE /* Debug */ = {
			isa = XCBuildConfiguration;
			buildSettings = {
				ALWAYS_EMBED_SWIFT_STANDARD_LIBRARIES = YES;
				CODE_SIGN_STYLE = Automatic;
				CURRENT_PROJECT_VERSION = 1;
				DEVELOPMENT_TEAM = 9W35N29MK9;
				GENERATE_INFOPLIST_FILE = YES;
				MARKETING_VERSION = 1.0;
				PRODUCT_BUNDLE_IDENTIFIER = com.momin94.HuliPizzaUITests;
				PRODUCT_NAME = "$(TARGET_NAME)";
				SWIFT_EMIT_LOC_STRINGS = NO;
				SWIFT_VERSION = 5.0;
				TARGETED_DEVICE_FAMILY = "1,2";
				TEST_TARGET_NAME = HuliPizza;
			};
			name = Debug;
		};
		29B420DB2A38383000FE31CE /* Release */ = {
			isa = XCBuildConfiguration;
			buildSettings = {
				ALWAYS_EMBED_SWIFT_STANDARD_LIBRARIES = YES;
				CODE_SIGN_STYLE = Automatic;
				CURRENT_PROJECT_VERSION = 1;
				DEVELOPMENT_TEAM = 9W35N29MK9;
				GENERATE_INFOPLIST_FILE = YES;
				MARKETING_VERSION = 1.0;
				PRODUCT_BUNDLE_IDENTIFIER = com.momin94.HuliPizzaUITests;
				PRODUCT_NAME = "$(TARGET_NAME)";
				SWIFT_EMIT_LOC_STRINGS = NO;
				SWIFT_VERSION = 5.0;
				TARGETED_DEVICE_FAMILY = "1,2";
				TEST_TARGET_NAME = HuliPizza;
			};
			name = Release;
		};
/* End XCBuildConfiguration section */

/* Begin XCConfigurationList section */
		29B420AA2A38382F00FE31CE /* Build configuration list for PBXProject "HuliPizza" */ = {
			isa = XCConfigurationList;
			buildConfigurations = (
				29B420D12A38383000FE31CE /* Debug */,
				29B420D22A38383000FE31CE /* Release */,
			);
			defaultConfigurationIsVisible = 0;
			defaultConfigurationName = Release;
		};
		29B420D32A38383000FE31CE /* Build configuration list for PBXNativeTarget "HuliPizza" */ = {
			isa = XCConfigurationList;
			buildConfigurations = (
				29B420D42A38383000FE31CE /* Debug */,
				29B420D52A38383000FE31CE /* Release */,
			);
			defaultConfigurationIsVisible = 0;
			defaultConfigurationName = Release;
		};
		29B420D62A38383000FE31CE /* Build configuration list for PBXNativeTarget "HuliPizzaTests" */ = {
			isa = XCConfigurationList;
			buildConfigurations = (
				29B420D72A38383000FE31CE /* Debug */,
				29B420D82A38383000FE31CE /* Release */,
			);
			defaultConfigurationIsVisible = 0;
			defaultConfigurationName = Release;
		};
		29B420D92A38383000FE31CE /* Build configuration list for PBXNativeTarget "HuliPizzaUITests" */ = {
			isa = XCConfigurationList;
			buildConfigurations = (
				29B420DA2A38383000FE31CE /* Debug */,
				29B420DB2A38383000FE31CE /* Release */,
			);
			defaultConfigurationIsVisible = 0;
			defaultConfigurationName = Release;
		};
/* End XCConfigurationList section */
	};
	rootObject = 29B420A72A38382F00FE31CE /* Project object */;
}
